// !$*UTF8*$!
{
	archiveVersion = 1;
	classes = {
	};
	objectVersion = 46;
	objects = {

/* Begin PBXBuildFile section */
		EFE78640153ED0250040D92E /* UIKit.framework in Frameworks */ = {isa = PBXBuildFile; fileRef = EFE7863F153ED0250040D92E /* UIKit.framework */; };
		EFE78642153ED0250040D92E /* Foundation.framework in Frameworks */ = {isa = PBXBuildFile; fileRef = EFE78641153ED0250040D92E /* Foundation.framework */; };
		EFE78644153ED0250040D92E /* CoreGraphics.framework in Frameworks */ = {isa = PBXBuildFile; fileRef = EFE78643153ED0250040D92E /* CoreGraphics.framework */; };
		EFE7864A153ED0250040D92E /* InfoPlist.strings in Resources */ = {isa = PBXBuildFile; fileRef = EFE78648153ED0250040D92E /* InfoPlist.strings */; };
		EFE7864C153ED0250040D92E /* main.m in Sources */ = {isa = PBXBuildFile; fileRef = EFE7864B153ED0250040D92E /* main.m */; };
		EFE78650153ED0250040D92E /* AppDelegate.m in Sources */ = {isa = PBXBuildFile; fileRef = EFE7864F153ED0250040D92E /* AppDelegate.m */; };
/* End PBXBuildFile section */

/* Begin PBXFileReference section */
		EFE7863B153ED0250040D92E /* WTP.app */ = {isa = PBXFileReference; explicitFileType = wrapper.application; includeInIndex = 0; path = WTP.app; sourceTree = BUILT_PRODUCTS_DIR; };
		EFE7863F153ED0250040D92E /* UIKit.framework */ = {isa = PBXFileReference; lastKnownFileType = wrapper.framework; name = UIKit.framework; path = System/Library/Frameworks/UIKit.framework; sourceTree = SDKROOT; };
		EFE78641153ED0250040D92E /* Foundation.framework */ = {isa = PBXFileReference; lastKnownFileType = wrapper.framework; name = Foundation.framework; path = System/Library/Frameworks/Foundation.framework; sourceTree = SDKROOT; };
		EFE78643153ED0250040D92E /* CoreGraphics.framework */ = {isa = PBXFileReference; lastKnownFileType = wrapper.framework; name = CoreGraphics.framework; path = System/Library/Frameworks/CoreGraphics.framework; sourceTree = SDKROOT; };
		EFE78647153ED0250040D92E /* WTP-Info.plist */ = {isa = PBXFileReference; path = "WTP-Info.plist"; sourceTree = "<group>"; };
		EFE78649153ED0250040D92E /* en */ = {isa = PBXFileReference; lastKnownFileType = text.plist.strings; name = en; path = en.lproj/InfoPlist.strings; sourceTree = "<group>"; };
		EFE7864B153ED0250040D92E /* main.m */ = {isa = PBXFileReference; lastKnownFileType = sourcecode.c.objc; path = main.m; sourceTree = "<group>"; };
		EFE7864D153ED0250040D92E /* WTP-Prefix.pch */ = {isa = PBXFileReference; path = "WTP-Prefix.pch"; sourceTree = "<group>"; };
		EFE7864E153ED0250040D92E /* AppDelegate.h */ = {isa = PBXFileReference; path = AppDelegate.h; sourceTree = "<group>"; };
		EFE7864F153ED0250040D92E /* AppDelegate.m */ = {isa = PBXFileReference; lastKnownFileType = sourcecode.c.objc; path = AppDelegate.m; sourceTree = "<group>"; };
/* End PBXFileReference section */

/* Begin PBXFrameworksBuildPhase section */
		EFE78638153ED0250040D92E /* Frameworks */ = {
			isa = PBXFrameworksBuildPhase;
			buildActionMask = 2147483647;
			files = (
				EFE78640153ED0250040D92E /* UIKit.framework in Frameworks */,
				EFE78642153ED0250040D92E /* Foundation.framework in Frameworks */,
				EFE78644153ED0250040D92E /* CoreGraphics.framework in Frameworks */,
			);
			runOnlyForDeploymentPostprocessing = 0;
		};
/* End PBXFrameworksBuildPhase section */

/* Begin PBXGroup section */
		EFE78630153ED0250040D92E = {
			isa = PBXGroup;
			children = (
				EFE78645153ED0250040D92E /* WTP */,
				EFE7863E153ED0250040D92E /* Frameworks */,
				EFE7863C153ED0250040D92E /* Products */,
			);
			sourceTree = "<group>";
		};
		EFE7863C153ED0250040D92E /* Products */ = {
			isa = PBXGroup;
			children = (
				EFE7863B153ED0250040D92E /* WTP.app */,
			);
			name = Products;
			sourceTree = "<group>";
		};
		EFE7863E153ED0250040D92E /* Frameworks */ = {
			isa = PBXGroup;
			children = (
				EFE7863F153ED0250040D92E /* UIKit.framework */,
				EFE78641153ED0250040D92E /* Foundation.framework */,
				EFE78643153ED0250040D92E /* CoreGraphics.framework */,
			);
			name = Frameworks;
			sourceTree = "<group>";
		};
		EFE78645153ED0250040D92E /* WTP */ = {
			isa = PBXGroup;
			children = (
				EFE7864E153ED0250040D92E /* AppDelegate.h */,
				EFE7864F153ED0250040D92E /* AppDelegate.m */,
				EFE78646153ED0250040D92E /* Supporting Files */,
			);
			path = WTP;
			sourceTree = "<group>";
		};
		EFE78646153ED0250040D92E /* Supporting Files */ = {
			isa = PBXGroup;
			children = (
				EFE78647153ED0250040D92E /* WTP-Info.plist */,
				EFE78648153ED0250040D92E /* InfoPlist.strings */,
				EFE7864B153ED0250040D92E /* main.m */,
				EFE7864D153ED0250040D92E /* WTP-Prefix.pch */,
			);
			name = "Supporting Files";
			sourceTree = "<group>";
		};
/* End PBXGroup section */

/* Begin PBXNativeTarget section */
		EFE7863A153ED0250040D92E /* WTP */ = {
			isa = PBXNativeTarget;
			buildConfigurationList = EFE78653153ED0250040D92E /* Build configuration list for PBXNativeTarget "WTP" */;
			buildPhases = (
				EFE78637153ED0250040D92E /* Sources */,
				EFE78638153ED0250040D92E /* Frameworks */,
				EFE78639153ED0250040D92E /* Resources */,
			);
			buildRules = (
			);
			dependencies = (
			);
			name = WTP;
			productName = WTP;
			productReference = EFE7863B153ED0250040D92E /* WTP.app */;
			productType = "com.apple.product-type.application";
		};
/* End PBXNativeTarget section */

/* Begin PBXProject section */
		EFE78632153ED0250040D92E /* Project object */ = {
			isa = PBXProject;
			attributes = {
				LastUpgradeCheck = 0430;
			};
			buildConfigurationList = EFE78635153ED0250040D92E /* Build configuration list for PBXProject "WTP" */;
			compatibilityVersion = "Xcode 3.2";
			developmentRegion = English;
			hasScannedForEncodings = 0;
			knownRegions = (
				en,
			);
			mainGroup = EFE78630153ED0250040D92E;
			productRefGroup = EFE7863C153ED0250040D92E /* Products */;
			projectDirPath = "";
			projectRoot = "";
			targets = (
				EFE7863A153ED0250040D92E /* WTP */,
			);
		};
/* End PBXProject section */

/* Begin PBXResourcesBuildPhase section */
		EFE78639153ED0250040D92E /* Resources */ = {
			isa = PBXResourcesBuildPhase;
			buildActionMask = 2147483647;
			files = (
				EFE7864A153ED0250040D92E /* InfoPlist.strings in Resources */,
			);
			runOnlyForDeploymentPostprocessing = 0;
		};
/* End PBXResourcesBuildPhase section */

/* Begin PBXSourcesBuildPhase section */
		EFE78637153ED0250040D92E /* Sources */ = {
			isa = PBXSourcesBuildPhase;
			buildActionMask = 2147483647;
			files = (
				EFE7864C153ED0250040D92E /* main.m in Sources */,
				EFE78650153ED0250040D92E /* AppDelegate.m in Sources */,
			);
			runOnlyForDeploymentPostprocessing = 0;
		};
/* End PBXSourcesBuildPhase section */

/* Begin PBXVariantGroup section */
		EFE78648153ED0250040D92E /* InfoPlist.strings */ = {
			isa = PBXVariantGroup;
			children = (
				EFE78649153ED0250040D92E /* en */,
			);
			name = InfoPlist.strings;
			sourceTree = "<group>";
		};
/* End PBXVariantGroup section */

/* Begin XCBuildConfiguration section */
		EFE78651153ED0250040D92E /* Debug */ = {
			isa = XCBuildConfiguration;
			buildSettings = {
				ALWAYS_SEARCH_USER_PATHS = NO;
				ARCHS = "$(ARCHS_STANDARD_32_BIT)";
				"CODE_SIGN_IDENTITY[sdk=iphoneos*]" = "iPhone Developer";
				COPY_PHASE_STRIP = NO;
				GCC_C_LANGUAGE_STANDARD = gnu99;
				GCC_DYNAMIC_NO_PIC = NO;
				GCC_OPTIMIZATION_LEVEL = 0;
				GCC_PREPROCESSOR_DEFINITIONS = (
					"DEBUG=1",
					"$(inherited)",
				);
				GCC_SYMBOLS_PRIVATE_EXTERN = NO;
				GCC_VERSION = com.apple.compilers.llvm.clang.1_0;
				GCC_WARN_ABOUT_RETURN_TYPE = YES;
				GCC_WARN_UNINITIALIZED_AUTOS = YES;
				GCC_WARN_UNUSED_VARIABLE = YES;
				IPHONEOS_DEPLOYMENT_TARGET = 5.1;
				SDKROOT = iphoneos;
			};
			name = Debug;
		};
		EFE78652153ED0250040D92E /* Release */ = {
			isa = XCBuildConfiguration;
			buildSettings = {
				ALWAYS_SEARCH_USER_PATHS = NO;
				ARCHS = "$(ARCHS_STANDARD_32_BIT)";
				"CODE_SIGN_IDENTITY[sdk=iphoneos*]" = "iPhone Developer";
				COPY_PHASE_STRIP = YES;
				GCC_C_LANGUAGE_STANDARD = gnu99;
				GCC_VERSION = com.apple.compilers.llvm.clang.1_0;
				GCC_WARN_ABOUT_RETURN_TYPE = YES;
				GCC_WARN_UNINITIALIZED_AUTOS = YES;
				GCC_WARN_UNUSED_VARIABLE = YES;
				IPHONEOS_DEPLOYMENT_TARGET = 5.1;
				OTHER_CFLAGS = "-DNS_BLOCK_ASSERTIONS=1";
				SDKROOT = iphoneos;
				VALIDATE_PRODUCT = YES;
			};
			name = Release;
		};
		EFE78654153ED0250040D92E /* Debug */ = {
			isa = XCBuildConfiguration;
			buildSettings = {
				GCC_PRECOMPILE_PREFIX_HEADER = YES;
				GCC_PREFIX_HEADER = "WTP/WTP-Prefix.pch";
				INFOPLIST_FILE = "WTP/WTP-Info.plist";
				PRODUCT_NAME = "$(TARGET_NAME)";
				WRAPPER_EXTENSION = app;
			};
			name = Debug;
		};
		EFE78655153ED0250040D92E /* Release */ = {
			isa = XCBuildConfiguration;
			buildSettings = {
				GCC_PRECOMPILE_PREFIX_HEADER = YES;
				GCC_PREFIX_HEADER = "WTP/WTP-Prefix.pch";
				INFOPLIST_FILE = "WTP/WTP-Info.plist";
				PRODUCT_NAME = "$(TARGET_NAME)";
				WRAPPER_EXTENSION = app;
			};
			name = Release;
		};
/* End XCBuildConfiguration section */

/* Begin XCConfigurationList section */
		EFE78635153ED0250040D92E /* Build configuration list for PBXProject "WTP" */ = {
			isa = XCConfigurationList;
			buildConfigurations = (
				EFE78651153ED0250040D92E /* Debug */,
				EFE78652153ED0250040D92E /* Release */,
			);
			defaultConfigurationIsVisible = 0;
			defaultConfigurationName = Release;
		};
		EFE78653153ED0250040D92E /* Build configuration list for PBXNativeTarget "WTP" */ = {
			isa = XCConfigurationList;
			buildConfigurations = (
				EFE78654153ED0250040D92E /* Debug */,
				EFE78655153ED0250040D92E /* Release */,
			);
			defaultConfigurationIsVisible = 0;
		};
/* End XCConfigurationList section */
	};
	rootObject = EFE78632153ED0250040D92E /* Project object */;
}
